PODS:
  - Capacitor (8.0.2):
    - CapacitorCordova
  - CapacitorApp (8.0.0):
    - Capacitor
  - CapacitorAppLauncher (8.0.0):
    - Capacitor
  - CapacitorBrowser (8.0.0):
    - Capacitor
  - CapacitorCordova (8.0.2)
  - CapacitorGeolocation (8.0.0):
    - Capacitor
    - IONGeolocationLib (= 2.0.0)
  - CapacitorHaptics (8.0.0):
    - Capacitor
  - CapacitorKeyboard (8.0.0):
    - Capacitor
  - CapacitorLocalNotifications (8.0.0):
    - Capacitor
  - CapacitorPushNotifications (8.0.0):
    - Capacitor
  - CapacitorStatusBar (8.0.0):
    - Capacitor
  - CapacitorToast (8.0.0):
    - Capacitor
  - CapawesomeCapacitorAppUpdate (8.0.2):
    - Capacitor
  - CapgoInappbrowser (8.1.15):
    - Capacitor
  - IONGeolocationLib (2.0.0)

DEPENDENCIES:
  - "Capacitor (from `../../node_modules/@capacitor/ios`)"
  - "CapacitorApp (from `../../node_modules/@capacitor/app`)"
  - "CapacitorAppLauncher (from `../../node_modules/@capacitor/app-launcher`)"
  - "CapacitorBrowser (from `../../node_modules/@capacitor/browser`)"
  - "CapacitorCordova (from `../../node_modules/@capacitor/ios`)"
  - "CapacitorGeolocation (from `../../node_modules/@capacitor/geolocation`)"
  - "CapacitorHaptics (from `../../node_modules/@capacitor/haptics`)"
  - "CapacitorKeyboard (from `../../node_modules/@capacitor/keyboard`)"
  - "CapacitorLocalNotifications (from `../../node_modules/@capacitor/local-notifications`)"
  - "CapacitorPushNotifications (from `../../node_modules/@capacitor/push-notifications`)"
  - "CapacitorStatusBar (from `../../node_modules/@capacitor/status-bar`)"
  - "CapacitorToast (from `../../node_modules/@capacitor/toast`)"
  - "CapawesomeCapacitorAppUpdate (from `../../node_modules/@capawesome/capacitor-app-update`)"
  - "CapgoInappbrowser (from `../../node_modules/@capgo/inappbrowser`)"

SPEC REPOS:
  trunk:
    - IONGeolocationLib

EXTERNAL SOURCES:
  Capacitor:
    :path: "../../node_modules/@capacitor/ios"
  CapacitorApp:
    :path: "../../node_modules/@capacitor/app"
  CapacitorAppLauncher:
    :path: "../../node_modules/@capacitor/app-launcher"
  CapacitorBrowser:
    :path: "../../node_modules/@capacitor/browser"
  CapacitorCordova:
    :path: "../../node_modules/@capacitor/ios"
  CapacitorGeolocation:
    :path: "../../node_modules/@capacitor/geolocation"
  CapacitorHaptics:
    :path: "../../node_modules/@capacitor/haptics"
  CapacitorKeyboard:
    :path: "../../node_modules/@capacitor/keyboard"
  CapacitorLocalNotifications:
    :path: "../../node_modules/@capacitor/local-notifications"
  CapacitorPushNotifications:
    :path: "../../node_modules/@capacitor/push-notifications"
  CapacitorStatusBar:
    :path: "../../node_modules/@capacitor/status-bar"
  CapacitorToast:
    :path: "../../node_modules/@capacitor/toast"
  CapawesomeCapacitorAppUpdate:
    :path: "../../node_modules/@capawesome/capacitor-app-update"
  CapgoInappbrowser:
    :path: "../../node_modules/@capgo/inappbrowser"

SPEC CHECKSUMS:
  Capacitor: 2b79172ad27f3be2d103cce88b8eb9803fdcc744
  CapacitorApp: 3963a84197280757b84f126afd1520a85ae3b092
  CapacitorAppLauncher: 7f2330aa2d8a72a4767ab05af9df4bf68166ebf0
  CapacitorBrowser: b7d7f05f840fe042e46f6528bb8db853e3058fb2
  CapacitorCordova: 921bdb690ebe82421b24fce45552fd3dea2ae43a
  CapacitorGeolocation: 8a405e707de9aff6ac9eca7f408966a370f7ca33
  CapacitorHaptics: 2079d9fa04c5a71e18663b4722323c304c58245c
  CapacitorKeyboard: d7868c079a4d5277a3deca27a10a488fcbbb8b69
  CapacitorLocalNotifications: 177cfbf8228d9bd82a147e094cb7984d7afb9e29
  CapacitorPushNotifications: 722c1528eabbefd355f47e373a4c6235d01e85e9
  CapacitorStatusBar: 312e2e67928dfe9514c4a8916a1fd610552f5f35
  CapacitorToast: aefebcd4cead9f44a04ace80c66a7eb4031751e7
  CapawesomeCapacitorAppUpdate: 02d66677e9ae97d851a358207f7e7df40b22aa72
  CapgoInappbrowser: 18f8aaa785c1dd8d5d55710e750f5363dc6e7c4c
  IONGeolocationLib: a5e40b54edc2ee9902036eda5aaa41ddf07bb68d

PODFILE CHECKSUM: f564b2f2679b5ad8358b398655ee16e016cbcb68

COCOAPODS: 1.16.2
